// !$*UTF8*$!
{
	archiveVersion = 1;
	classes = {
	};
	objectVersion = 55;
	objects = {

/* Begin PBXBuildFile section */
		90FC28B427F4D95C009BD5C2 /* Tests_iOS.swift in Sources */ = {isa = PBXBuildFile; fileRef = 90FC28B327F4D95C009BD5C2 /* Tests_iOS.swift */; };
		90FC28B627F4D95C009BD5C2 /* Tests_iOSLaunchTests.swift in Sources */ = {isa = PBXBuildFile; fileRef = 90FC28B527F4D95C009BD5C2 /* Tests_iOSLaunchTests.swift */; };
		90FC28C027F4D95C009BD5C2 /* Tests_macOS.swift in Sources */ = {isa = PBXBuildFile; fileRef = 90FC28BF27F4D95C009BD5C2 /* Tests_macOS.swift */; };
		90FC28C227F4D95C009BD5C2 /* Tests_macOSLaunchTests.swift in Sources */ = {isa = PBXBuildFile; fileRef = 90FC28C127F4D95C009BD5C2 /* Tests_macOSLaunchTests.swift */; };
		90FC28C327F4D95C009BD5C2 /* NetworkingDemoApp.swift in Sources */ = {isa = PBXBuildFile; fileRef = 90FC289B27F4D95B009BD5C2 /* NetworkingDemoApp.swift */; };
		90FC28C427F4D95C009BD5C2 /* NetworkingDemoApp.swift in Sources */ = {isa = PBXBuildFile; fileRef = 90FC289B27F4D95B009BD5C2 /* NetworkingDemoApp.swift */; };
		90FC28C527F4D95C009BD5C2 /* HomeContentView.swift in Sources */ = {isa = PBXBuildFile; fileRef = 90FC289C27F4D95B009BD5C2 /* HomeContentView.swift */; };
		90FC28C627F4D95C009BD5C2 /* HomeContentView.swift in Sources */ = {isa = PBXBuildFile; fileRef = 90FC289C27F4D95B009BD5C2 /* HomeContentView.swift */; };
		90FC28C727F4D95C009BD5C2 /* Assets.xcassets in Resources */ = {isa = PBXBuildFile; fileRef = 90FC289D27F4D95C009BD5C2 /* Assets.xcassets */; };
		90FC28C827F4D95C009BD5C2 /* Assets.xcassets in Resources */ = {isa = PBXBuildFile; fileRef = 90FC289D27F4D95C009BD5C2 /* Assets.xcassets */; };
		90FC28D927F4D9E1009BD5C2 /* HomeViewModel.swift in Sources */ = {isa = PBXBuildFile; fileRef = 90FC28D827F4D9E1009BD5C2 /* HomeViewModel.swift */; };
		90FC28DA27F4D9E1009BD5C2 /* HomeViewModel.swift in Sources */ = {isa = PBXBuildFile; fileRef = 90FC28D827F4D9E1009BD5C2 /* HomeViewModel.swift */; };
		90FC28E127F4DA74009BD5C2 /* PostItem.swift in Sources */ = {isa = PBXBuildFile; fileRef = 90FC28E027F4DA74009BD5C2 /* PostItem.swift */; };
		90FC28E227F4DA74009BD5C2 /* PostItem.swift in Sources */ = {isa = PBXBuildFile; fileRef = 90FC28E027F4DA74009BD5C2 /* PostItem.swift */; };
		90FC28E427F4DDEF009BD5C2 /* NetworkingManager.swift in Sources */ = {isa = PBXBuildFile; fileRef = 90FC28E327F4DDEF009BD5C2 /* NetworkingManager.swift */; };
		90FC28E527F4DDEF009BD5C2 /* NetworkingManager.swift in Sources */ = {isa = PBXBuildFile; fileRef = 90FC28E327F4DDEF009BD5C2 /* NetworkingManager.swift */; };
		90FC28E727F4DE91009BD5C2 /* NetworkingConstants.swift in Sources */ = {isa = PBXBuildFile; fileRef = 90FC28E627F4DE91009BD5C2 /* NetworkingConstants.swift */; };
		90FC28E827F4DE91009BD5C2 /* NetworkingConstants.swift in Sources */ = {isa = PBXBuildFile; fileRef = 90FC28E627F4DE91009BD5C2 /* NetworkingConstants.swift */; };
		90FC28EA27F4E1E8009BD5C2 /* HomeAPIEndpoints.swift in Sources */ = {isa = PBXBuildFile; fileRef = 90FC28E927F4E1E8009BD5C2 /* HomeAPIEndpoints.swift */; };
		90FC28EB27F4E1E8009BD5C2 /* HomeAPIEndpoints.swift in Sources */ = {isa = PBXBuildFile; fileRef = 90FC28E927F4E1E8009BD5C2 /* HomeAPIEndpoints.swift */; };
		90FC28ED27F4EB98009BD5C2 /* APIConfiguration.swift in Sources */ = {isa = PBXBuildFile; fileRef = 90FC28EC27F4EB98009BD5C2 /* APIConfiguration.swift */; };
		90FC28EE27F4EB98009BD5C2 /* APIConfiguration.swift in Sources */ = {isa = PBXBuildFile; fileRef = 90FC28EC27F4EB98009BD5C2 /* APIConfiguration.swift */; };
		90FC28F027F4F528009BD5C2 /* HomeService.swift in Sources */ = {isa = PBXBuildFile; fileRef = 90FC28EF27F4F528009BD5C2 /* HomeService.swift */; };
		90FC28F127F4F528009BD5C2 /* HomeService.swift in Sources */ = {isa = PBXBuildFile; fileRef = 90FC28EF27F4F528009BD5C2 /* HomeService.swift */; };
		90FC28F827F4F66B009BD5C2 /* BaseService.swift in Sources */ = {isa = PBXBuildFile; fileRef = 90FC28F727F4F66B009BD5C2 /* BaseService.swift */; };
		90FC28F927F4F66B009BD5C2 /* BaseService.swift in Sources */ = {isa = PBXBuildFile; fileRef = 90FC28F727F4F66B009BD5C2 /* BaseService.swift */; };
/* End PBXBuildFile section */

/* Begin PBXContainerItemProxy section */
		90FC28B027F4D95C009BD5C2 /* PBXContainerItemProxy */ = {
			isa = PBXContainerItemProxy;
			containerPortal = 90FC289627F4D95B009BD5C2 /* Project object */;
			proxyType = 1;
			remoteGlobalIDString = 90FC28A127F4D95C009BD5C2;
			remoteInfo = "NetworkingDemo (iOS)";
		};
		90FC28BC27F4D95C009BD5C2 /* PBXContainerItemProxy */ = {
			isa = PBXContainerItemProxy;
			containerPortal = 90FC289627F4D95B009BD5C2 /* Project object */;
			proxyType = 1;
			remoteGlobalIDString = 90FC28A727F4D95C009BD5C2;
			remoteInfo = "NetworkingDemo (macOS)";
		};
/* End PBXContainerItemProxy section */

/* Begin PBXFileReference section */
		90FC289B27F4D95B009BD5C2 /* NetworkingDemoApp.swift */ = {isa = PBXFileReference; lastKnownFileType = sourcecode.swift; path = NetworkingDemoApp.swift; sourceTree = "<group>"; };
		90FC289C27F4D95B009BD5C2 /* HomeContentView.swift */ = {isa = PBXFileReference; lastKnownFileType = sourcecode.swift; path = HomeContentView.swift; sourceTree = "<group>"; };
		90FC289D27F4D95C009BD5C2 /* Assets.xcassets */ = {isa = PBXFileReference; lastKnownFileType = folder.assetcatalog; path = Assets.xcassets; sourceTree = "<group>"; };
		90FC28A227F4D95C009BD5C2 /* NetworkingDemo.app */ = {isa = PBXFileReference; explicitFileType = wrapper.application; includeInIndex = 0; path = NetworkingDemo.app; sourceTree = BUILT_PRODUCTS_DIR; };
		90FC28A827F4D95C009BD5C2 /* NetworkingDemo.app */ = {isa = PBXFileReference; explicitFileType = wrapper.application; includeInIndex = 0; path = NetworkingDemo.app; sourceTree = BUILT_PRODUCTS_DIR; };
		90FC28AA27F4D95C009BD5C2 /* macOS.entitlements */ = {isa = PBXFileReference; lastKnownFileType = text.plist.entitlements; path = macOS.entitlements; sourceTree = "<group>"; };
		90FC28AF27F4D95C009BD5C2 /* Tests iOS.xctest */ = {isa = PBXFileReference; explicitFileType = wrapper.cfbundle; includeInIndex = 0; path = "Tests iOS.xctest"; sourceTree = BUILT_PRODUCTS_DIR; };
		90FC28B327F4D95C009BD5C2 /* Tests_iOS.swift */ = {isa = PBXFileReference; lastKnownFileType = sourcecode.swift; path = Tests_iOS.swift; sourceTree = "<group>"; };
		90FC28B527F4D95C009BD5C2 /* Tests_iOSLaunchTests.swift */ = {isa = PBXFileReference; lastKnownFileType = sourcecode.swift; path = Tests_iOSLaunchTests.swift; sourceTree = "<group>"; };
		90FC28BB27F4D95C009BD5C2 /* Tests macOS.xctest */ = {isa = PBXFileReference; explicitFileType = wrapper.cfbundle; includeInIndex = 0; path = "Tests macOS.xctest"; sourceTree = BUILT_PRODUCTS_DIR; };
		90FC28BF27F4D95C009BD5C2 /* Tests_macOS.swift */ = {isa = PBXFileReference; lastKnownFileType = sourcecode.swift; path = Tests_macOS.swift; sourceTree = "<group>"; };
		90FC28C127F4D95C009BD5C2 /* Tests_macOSLaunchTests.swift */ = {isa = PBXFileReference; lastKnownFileType = sourcecode.swift; path = Tests_macOSLaunchTests.swift; sourceTree = "<group>"; };
		90FC28D827F4D9E1009BD5C2 /* HomeViewModel.swift */ = {isa = PBXFileReference; lastKnownFileType = sourcecode.swift; path = HomeViewModel.swift; sourceTree = "<group>"; };
		90FC28E027F4DA74009BD5C2 /* PostItem.swift */ = {isa = PBXFileReference; lastKnownFileType = sourcecode.swift; path = PostItem.swift; sourceTree = "<group>"; };
		90FC28E327F4DDEF009BD5C2 /* NetworkingManager.swift */ = {isa = PBXFileReference; lastKnownFileType = sourcecode.swift; path = NetworkingManager.swift; sourceTree = "<group>"; };
		90FC28E627F4DE91009BD5C2 /* NetworkingConstants.swift */ = {isa = PBXFileReference; lastKnownFileType = sourcecode.swift; path = NetworkingConstants.swift; sourceTree = "<group>"; };
		90FC28E927F4E1E8009BD5C2 /* HomeAPIEndpoints.swift */ = {isa = PBXFileReference; lastKnownFileType = sourcecode.swift; path = HomeAPIEndpoints.swift; sourceTree = "<group>"; };
		90FC28EC27F4EB98009BD5C2 /* APIConfiguration.swift */ = {isa = PBXFileReference; lastKnownFileType = sourcecode.swift; path = APIConfiguration.swift; sourceTree = "<group>"; };
		90FC28EF27F4F528009BD5C2 /* HomeService.swift */ = {isa = PBXFileReference; lastKnownFileType = sourcecode.swift; path = HomeService.swift; sourceTree = "<group>"; };
		90FC28F727F4F66B009BD5C2 /* BaseService.swift */ = {isa = PBXFileReference; lastKnownFileType = sourcecode.swift; path = BaseService.swift; sourceTree = "<group>"; };
/* End PBXFileReference section */

/* Begin PBXFrameworksBuildPhase section */
		90FC289F27F4D95C009BD5C2 /* Frameworks */ = {
			isa = PBXFrameworksBuildPhase;
			buildActionMask = 2147483647;
			files = (
			);
			runOnlyForDeploymentPostprocessing = 0;
		};
		90FC28A527F4D95C009BD5C2 /* Frameworks */ = {
			isa = PBXFrameworksBuildPhase;
			buildActionMask = 2147483647;
			files = (
			);
			runOnlyForDeploymentPostprocessing = 0;
		};
		90FC28AC27F4D95C009BD5C2 /* Frameworks */ = {
			isa = PBXFrameworksBuildPhase;
			buildActionMask = 2147483647;
			files = (
			);
			runOnlyForDeploymentPostprocessing = 0;
		};
		90FC28B827F4D95C009BD5C2 /* Frameworks */ = {
			isa = PBXFrameworksBuildPhase;
			buildActionMask = 2147483647;
			files = (
			);
			runOnlyForDeploymentPostprocessing = 0;
		};
/* End PBXFrameworksBuildPhase section */

/* Begin PBXGroup section */
		90FC289527F4D95B009BD5C2 = {
			isa = PBXGroup;
			children = (
				90FC289A27F4D95B009BD5C2 /* Shared */,
				90FC28A927F4D95C009BD5C2 /* macOS */,
				90FC28B227F4D95C009BD5C2 /* Tests iOS */,
				90FC28BE27F4D95C009BD5C2 /* Tests macOS */,
				90FC28A327F4D95C009BD5C2 /* Products */,
			);
			sourceTree = "<group>";
		};
		90FC289A27F4D95B009BD5C2 /* Shared */ = {
			isa = PBXGroup;
			children = (
				90FC28DF27F4DA5A009BD5C2 /* App */,
				90FC28DC27F4DA35009BD5C2 /* Models */,
				90FC28D727F4D96B009BD5C2 /* Networking */,
				90FC28DD27F4DA3B009BD5C2 /* Scenes */,
				90FC28DB27F4D9EE009BD5C2 /* Utilities */,
			);
			path = Shared;
			sourceTree = "<group>";
		};
		90FC28A327F4D95C009BD5C2 /* Products */ = {
			isa = PBXGroup;
			children = (
				90FC28A227F4D95C009BD5C2 /* NetworkingDemo.app */,
				90FC28A827F4D95C009BD5C2 /* NetworkingDemo.app */,
				90FC28AF27F4D95C009BD5C2 /* Tests iOS.xctest */,
				90FC28BB27F4D95C009BD5C2 /* Tests macOS.xctest */,
			);
			name = Products;
			sourceTree = "<group>";
		};
		90FC28A927F4D95C009BD5C2 /* macOS */ = {
			isa = PBXGroup;
			children = (
				90FC28AA27F4D95C009BD5C2 /* macOS.entitlements */,
			);
			path = macOS;
			sourceTree = "<group>";
		};
		90FC28B227F4D95C009BD5C2 /* Tests iOS */ = {
			isa = PBXGroup;
			children = (
				90FC28B327F4D95C009BD5C2 /* Tests_iOS.swift */,
				90FC28B527F4D95C009BD5C2 /* Tests_iOSLaunchTests.swift */,
			);
			path = "Tests iOS";
			sourceTree = "<group>";
		};
		90FC28BE27F4D95C009BD5C2 /* Tests macOS */ = {
			isa = PBXGroup;
			children = (
				90FC28BF27F4D95C009BD5C2 /* Tests_macOS.swift */,
				90FC28C127F4D95C009BD5C2 /* Tests_macOSLaunchTests.swift */,
			);
			path = "Tests macOS";
			sourceTree = "<group>";
		};
		90FC28D727F4D96B009BD5C2 /* Networking */ = {
			isa = PBXGroup;
			children = (
				90FC28F427F4F63A009BD5C2 /* Constants */,
				90FC28F627F4F648009BD5C2 /* Endpoints */,
				90FC28F527F4F643009BD5C2 /* Manager */,
				90FC28F327F4F62D009BD5C2 /* Protocols */,
				90FC28F227F4F625009BD5C2 /* Services */,
			);
			path = Networking;
			sourceTree = "<group>";
		};
		90FC28DB27F4D9EE009BD5C2 /* Utilities */ = {
			isa = PBXGroup;
			children = (
				90FC289D27F4D95C009BD5C2 /* Assets.xcassets */,
			);
			path = Utilities;
			sourceTree = "<group>";
		};
		90FC28DC27F4DA35009BD5C2 /* Models */ = {
			isa = PBXGroup;
			children = (
				90FC28E027F4DA74009BD5C2 /* PostItem.swift */,
			);
			path = Models;
			sourceTree = "<group>";
		};
		90FC28DD27F4DA3B009BD5C2 /* Scenes */ = {
			isa = PBXGroup;
			children = (
				90FC28DE27F4DA3F009BD5C2 /* Home */,
			);
			path = Scenes;
			sourceTree = "<group>";
		};
		90FC28DE27F4DA3F009BD5C2 /* Home */ = {
			isa = PBXGroup;
			children = (
				90FC289C27F4D95B009BD5C2 /* HomeContentView.swift */,
				90FC28D827F4D9E1009BD5C2 /* HomeViewModel.swift */,
			);
			path = Home;
			sourceTree = "<group>";
		};
		90FC28DF27F4DA5A009BD5C2 /* App */ = {
			isa = PBXGroup;
			children = (
				90FC289B27F4D95B009BD5C2 /* NetworkingDemoApp.swift */,
			);
			path = App;
			sourceTree = "<group>";
		};
		90FC28F227F4F625009BD5C2 /* Services */ = {
			isa = PBXGroup;
			children = (
				90FC28EF27F4F528009BD5C2 /* HomeService.swift */,
				90FC28F727F4F66B009BD5C2 /* BaseService.swift */,
			);
			path = Services;
			sourceTree = "<group>";
		};
		90FC28F327F4F62D009BD5C2 /* Protocols */ = {
			isa = PBXGroup;
			children = (
				90FC28EC27F4EB98009BD5C2 /* APIConfiguration.swift */,
			);
			path = Protocols;
			sourceTree = "<group>";
		};
		90FC28F427F4F63A009BD5C2 /* Constants */ = {
			isa = PBXGroup;
			children = (
				90FC28E627F4DE91009BD5C2 /* NetworkingConstants.swift */,
			);
			path = Constants;
			sourceTree = "<group>";
		};
		90FC28F527F4F643009BD5C2 /* Manager */ = {
			isa = PBXGroup;
			children = (
				90FC28E327F4DDEF009BD5C2 /* NetworkingManager.swift */,
			);
			path = Manager;
			sourceTree = "<group>";
		};
		90FC28F627F4F648009BD5C2 /* Endpoints */ = {
			isa = PBXGroup;
			children = (
				90FC28E927F4E1E8009BD5C2 /* HomeAPIEndpoints.swift */,
			);
			path = Endpoints;
			sourceTree = "<group>";
		};
/* End PBXGroup section */

/* Begin PBXNativeTarget section */
		90FC28A127F4D95C009BD5C2 /* NetworkingDemo (iOS) */ = {
			isa = PBXNativeTarget;
			buildConfigurationList = 90FC28CB27F4D95C009BD5C2 /* Build configuration list for PBXNativeTarget "NetworkingDemo (iOS)" */;
			buildPhases = (
				90FC289E27F4D95C009BD5C2 /* Sources */,
				90FC289F27F4D95C009BD5C2 /* Frameworks */,
				90FC28A027F4D95C009BD5C2 /* Resources */,
			);
			buildRules = (
			);
			dependencies = (
			);
			name = "NetworkingDemo (iOS)";
			productName = "NetworkingDemo (iOS)";
			productReference = 90FC28A227F4D95C009BD5C2 /* NetworkingDemo.app */;
			productType = "com.apple.product-type.application";
		};
		90FC28A727F4D95C009BD5C2 /* NetworkingDemo (macOS) */ = {
			isa = PBXNativeTarget;
			buildConfigurationList = 90FC28CE27F4D95C009BD5C2 /* Build configuration list for PBXNativeTarget "NetworkingDemo (macOS)" */;
			buildPhases = (
				90FC28A427F4D95C009BD5C2 /* Sources */,
				90FC28A527F4D95C009BD5C2 /* Frameworks */,
				90FC28A627F4D95C009BD5C2 /* Resources */,
			);
			buildRules = (
			);
			dependencies = (
			);
			name = "NetworkingDemo (macOS)";
			productName = "NetworkingDemo (macOS)";
			productReference = 90FC28A827F4D95C009BD5C2 /* NetworkingDemo.app */;
			productType = "com.apple.product-type.application";
		};
		90FC28AE27F4D95C009BD5C2 /* Tests iOS */ = {
			isa = PBXNativeTarget;
			buildConfigurationList = 90FC28D127F4D95C009BD5C2 /* Build configuration list for PBXNativeTarget "Tests iOS" */;
			buildPhases = (
				90FC28AB27F4D95C009BD5C2 /* Sources */,
				90FC28AC27F4D95C009BD5C2 /* Frameworks */,
				90FC28AD27F4D95C009BD5C2 /* Resources */,
			);
			buildRules = (
			);
			dependencies = (
				90FC28B127F4D95C009BD5C2 /* PBXTargetDependency */,
			);
			name = "Tests iOS";
			productName = "Tests iOS";
			productReference = 90FC28AF27F4D95C009BD5C2 /* Tests iOS.xctest */;
			productType = "com.apple.product-type.bundle.ui-testing";
		};
		90FC28BA27F4D95C009BD5C2 /* Tests macOS */ = {
			isa = PBXNativeTarget;
			buildConfigurationList = 90FC28D427F4D95C009BD5C2 /* Build configuration list for PBXNativeTarget "Tests macOS" */;
			buildPhases = (
				90FC28B727F4D95C009BD5C2 /* Sources */,
				90FC28B827F4D95C009BD5C2 /* Frameworks */,
				90FC28B927F4D95C009BD5C2 /* Resources */,
			);
			buildRules = (
			);
			dependencies = (
				90FC28BD27F4D95C009BD5C2 /* PBXTargetDependency */,
			);
			name = "Tests macOS";
			productName = "Tests macOS";
			productReference = 90FC28BB27F4D95C009BD5C2 /* Tests macOS.xctest */;
			productType = "com.apple.product-type.bundle.ui-testing";
		};
/* End PBXNativeTarget section */

/* Begin PBXProject section */
		90FC289627F4D95B009BD5C2 /* Project object */ = {
			isa = PBXProject;
			attributes = {
				BuildIndependentTargetsInParallel = 1;
				LastSwiftUpdateCheck = 1330;
				LastUpgradeCheck = 1330;
				TargetAttributes = {
					90FC28A127F4D95C009BD5C2 = {
						CreatedOnToolsVersion = 13.3;
					};
					90FC28A727F4D95C009BD5C2 = {
						CreatedOnToolsVersion = 13.3;
					};
					90FC28AE27F4D95C009BD5C2 = {
						CreatedOnToolsVersion = 13.3;
						TestTargetID = 90FC28A127F4D95C009BD5C2;
					};
					90FC28BA27F4D95C009BD5C2 = {
						CreatedOnToolsVersion = 13.3;
						TestTargetID = 90FC28A727F4D95C009BD5C2;
					};
				};
			};
			buildConfigurationList = 90FC289927F4D95B009BD5C2 /* Build configuration list for PBXProject "NetworkingDemo" */;
			compatibilityVersion = "Xcode 13.0";
			developmentRegion = en;
			hasScannedForEncodings = 0;
			knownRegions = (
				en,
				Base,
			);
			mainGroup = 90FC289527F4D95B009BD5C2;
			productRefGroup = 90FC28A327F4D95C009BD5C2 /* Products */;
			projectDirPath = "";
			projectRoot = "";
			targets = (
				90FC28A127F4D95C009BD5C2 /* NetworkingDemo (iOS) */,
				90FC28A727F4D95C009BD5C2 /* NetworkingDemo (macOS) */,
				90FC28AE27F4D95C009BD5C2 /* Tests iOS */,
				90FC28BA27F4D95C009BD5C2 /* Tests macOS */,
			);
		};
/* End PBXProject section */

/* Begin PBXResourcesBuildPhase section */
		90FC28A027F4D95C009BD5C2 /* Resources */ = {
			isa = PBXResourcesBuildPhase;
			buildActionMask = 2147483647;
			files = (
				90FC28C727F4D95C009BD5C2 /* Assets.xcassets in Resources */,
			);
			runOnlyForDeploymentPostprocessing = 0;
		};
		90FC28A627F4D95C009BD5C2 /* Resources */ = {
			isa = PBXResourcesBuildPhase;
			buildActionMask = 2147483647;
			files = (
				90FC28C827F4D95C009BD5C2 /* Assets.xcassets in Resources */,
			);
			runOnlyForDeploymentPostprocessing = 0;
		};
		90FC28AD27F4D95C009BD5C2 /* Resources */ = {
			isa = PBXResourcesBuildPhase;
			buildActionMask = 2147483647;
			files = (
			);
			runOnlyForDeploymentPostprocessing = 0;
		};
		90FC28B927F4D95C009BD5C2 /* Resources */ = {
			isa = PBXResourcesBuildPhase;
			buildActionMask = 2147483647;
			files = (
			);
			runOnlyForDeploymentPostprocessing = 0;
		};
/* End PBXResourcesBuildPhase section */

/* Begin PBXSourcesBuildPhase section */
		90FC289E27F4D95C009BD5C2 /* Sources */ = {
			isa = PBXSourcesBuildPhase;
			buildActionMask = 2147483647;
			files = (
				90FC28C527F4D95C009BD5C2 /* HomeContentView.swift in Sources */,
				90FC28D927F4D9E1009BD5C2 /* HomeViewModel.swift in Sources */,
				90FC28E127F4DA74009BD5C2 /* PostItem.swift in Sources */,
				90FC28ED27F4EB98009BD5C2 /* APIConfiguration.swift in Sources */,
				90FC28E427F4DDEF009BD5C2 /* NetworkingManager.swift in Sources */,
				90FC28C327F4D95C009BD5C2 /* NetworkingDemoApp.swift in Sources */,
				90FC28F027F4F528009BD5C2 /* HomeService.swift in Sources */,
				90FC28E727F4DE91009BD5C2 /* NetworkingConstants.swift in Sources */,
				90FC28F827F4F66B009BD5C2 /* BaseService.swift in Sources */,
				90FC28EA27F4E1E8009BD5C2 /* HomeAPIEndpoints.swift in Sources */,
			);
			runOnlyForDeploymentPostprocessing = 0;
		};
		90FC28A427F4D95C009BD5C2 /* Sources */ = {
			isa = PBXSourcesBuildPhase;
			buildActionMask = 2147483647;
			files = (
				90FC28C627F4D95C009BD5C2 /* HomeContentView.swift in Sources */,
				90FC28DA27F4D9E1009BD5C2 /* HomeViewModel.swift in Sources */,
				90FC28E227F4DA74009BD5C2 /* PostItem.swift in Sources */,
				90FC28EE27F4EB98009BD5C2 /* APIConfiguration.swift in Sources */,
				90FC28E527F4DDEF009BD5C2 /* NetworkingManager.swift in Sources */,
				90FC28C427F4D95C009BD5C2 /* NetworkingDemoApp.swift in Sources */,
				90FC28F127F4F528009BD5C2 /* HomeService.swift in Sources */,
				90FC28E827F4DE91009BD5C2 /* NetworkingConstants.swift in Sources */,
				90FC28F927F4F66B009BD5C2 /* BaseService.swift in Sources */,
				90FC28EB27F4E1E8009BD5C2 /* HomeAPIEndpoints.swift in Sources */,
			);
			runOnlyForDeploymentPostprocessing = 0;
		};
		90FC28AB27F4D95C009BD5C2 /* Sources */ = {
			isa = PBXSourcesBuildPhase;
			buildActionMask = 2147483647;
			files = (
				90FC28B627F4D95C009BD5C2 /* Tests_iOSLaunchTests.swift in Sources */,
				90FC28B427F4D95C009BD5C2 /* Tests_iOS.swift in Sources */,
			);
			runOnlyForDeploymentPostprocessing = 0;
		};
		90FC28B727F4D95C009BD5C2 /* Sources */ = {
			isa = PBXSourcesBuildPhase;
			buildActionMask = 2147483647;
			files = (
				90FC28C227F4D95C009BD5C2 /* Tests_macOSLaunchTests.swift in Sources */,
				90FC28C027F4D95C009BD5C2 /* Tests_macOS.swift in Sources */,
			);
			runOnlyForDeploymentPostprocessing = 0;
		};
/* End PBXSourcesBuildPhase section */

/* Begin PBXTargetDependency section */
		90FC28B127F4D95C009BD5C2 /* PBXTargetDependency */ = {
			isa = PBXTargetDependency;
			target = 90FC28A127F4D95C009BD5C2 /* NetworkingDemo (iOS) */;
			targetProxy = 90FC28B027F4D95C009BD5C2 /* PBXContainerItemProxy */;
		};
		90FC28BD27F4D95C009BD5C2 /* PBXTargetDependency */ = {
			isa = PBXTargetDependency;
			target = 90FC28A727F4D95C009BD5C2 /* NetworkingDemo (macOS) */;
			targetProxy = 90FC28BC27F4D95C009BD5C2 /* PBXContainerItemProxy */;
		};
/* End PBXTargetDependency section */

/* Begin XCBuildConfiguration section */
		90FC28C927F4D95C009BD5C2 /* Debug */ = {
			isa = XCBuildConfiguration;
			buildSettings = {
				ALWAYS_SEARCH_USER_PATHS = NO;
				CLANG_ANALYZER_NONNULL = YES;
				CLANG_ANALYZER_NUMBER_OBJECT_CONVERSION = YES_AGGRESSIVE;
				CLANG_CXX_LANGUAGE_STANDARD = "gnu++17";
				CLANG_ENABLE_MODULES = YES;
				CLANG_ENABLE_OBJC_ARC = YES;
				CLANG_ENABLE_OBJC_WEAK = YES;
				CLANG_WARN_BLOCK_CAPTURE_AUTORELEASING = YES;
				CLANG_WARN_BOOL_CONVERSION = YES;
				CLANG_WARN_COMMA = YES;
				CLANG_WARN_CONSTANT_CONVERSION = YES;
				CLANG_WARN_DEPRECATED_OBJC_IMPLEMENTATIONS = YES;
				CLANG_WARN_DIRECT_OBJC_ISA_USAGE = YES_ERROR;
				CLANG_WARN_DOCUMENTATION_COMMENTS = YES;
				CLANG_WARN_EMPTY_BODY = YES;
				CLANG_WARN_ENUM_CONVERSION = YES;
				CLANG_WARN_INFINITE_RECURSION = YES;
				CLANG_WARN_INT_CONVERSION = YES;
				CLANG_WARN_NON_LITERAL_NULL_CONVERSION = YES;
				CLANG_WARN_OBJC_IMPLICIT_RETAIN_SELF = YES;
				CLANG_WARN_OBJC_LITERAL_CONVERSION = YES;
				CLANG_WARN_OBJC_ROOT_CLASS = YES_ERROR;
				CLANG_WARN_QUOTED_INCLUDE_IN_FRAMEWORK_HEADER = YES;
				CLANG_WARN_RANGE_LOOP_ANALYSIS = YES;
				CLANG_WARN_STRICT_PROTOTYPES = YES;
				CLANG_WARN_SUSPICIOUS_MOVE = YES;
				CLANG_WARN_UNGUARDED_AVAILABILITY = YES_AGGRESSIVE;
				CLANG_WARN_UNREACHABLE_CODE = YES;
				CLANG_WARN__DUPLICATE_METHOD_MATCH = YES;
				COPY_PHASE_STRIP = NO;
				DEBUG_INFORMATION_FORMAT = dwarf;
				ENABLE_STRICT_OBJC_MSGSEND = YES;
				ENABLE_TESTABILITY = YES;
				GCC_C_LANGUAGE_STANDARD = gnu11;
				GCC_DYNAMIC_NO_PIC = NO;
				GCC_NO_COMMON_BLOCKS = YES;
				GCC_OPTIMIZATION_LEVEL = 0;
				GCC_PREPROCESSOR_DEFINITIONS = (
					"DEBUG=1",
					"$(inherited)",
				);
				GCC_WARN_64_TO_32_BIT_CONVERSION = YES;
				GCC_WARN_ABOUT_RETURN_TYPE = YES_ERROR;
				GCC_WARN_UNDECLARED_SELECTOR = YES;
				GCC_WARN_UNINITIALIZED_AUTOS = YES_AGGRESSIVE;
				GCC_WARN_UNUSED_FUNCTION = YES;
				GCC_WARN_UNUSED_VARIABLE = YES;
				MTL_ENABLE_DEBUG_INFO = INCLUDE_SOURCE;
				MTL_FAST_MATH = YES;
				ONLY_ACTIVE_ARCH = YES;
				SWIFT_ACTIVE_COMPILATION_CONDITIONS = DEBUG;
				SWIFT_OPTIMIZATION_LEVEL = "-Onone";
			};
			name = Debug;
		};
		90FC28CA27F4D95C009BD5C2 /* Release */ = {
			isa = XCBuildConfiguration;
			buildSettings = {
				ALWAYS_SEARCH_USER_PATHS = NO;
				CLANG_ANALYZER_NONNULL = YES;
				CLANG_ANALYZER_NUMBER_OBJECT_CONVERSION = YES_AGGRESSIVE;
				CLANG_CXX_LANGUAGE_STANDARD = "gnu++17";
				CLANG_ENABLE_MODULES = YES;
				CLANG_ENABLE_OBJC_ARC = YES;
				CLANG_ENABLE_OBJC_WEAK = YES;
				CLANG_WARN_BLOCK_CAPTURE_AUTORELEASING = YES;
				CLANG_WARN_BOOL_CONVERSION = YES;
				CLANG_WARN_COMMA = YES;
				CLANG_WARN_CONSTANT_CONVERSION = YES;
				CLANG_WARN_DEPRECATED_OBJC_IMPLEMENTATIONS = YES;
				CLANG_WARN_DIRECT_OBJC_ISA_USAGE = YES_ERROR;
				CLANG_WARN_DOCUMENTATION_COMMENTS = YES;
				CLANG_WARN_EMPTY_BODY = YES;
				CLANG_WARN_ENUM_CONVERSION = YES;
				CLANG_WARN_INFINITE_RECURSION = YES;
				CLANG_WARN_INT_CONVERSION = YES;
				CLANG_WARN_NON_LITERAL_NULL_CONVERSION = YES;
				CLANG_WARN_OBJC_IMPLICIT_RETAIN_SELF = YES;
				CLANG_WARN_OBJC_LITERAL_CONVERSION = YES;
				CLANG_WARN_OBJC_ROOT_CLASS = YES_ERROR;
				CLANG_WARN_QUOTED_INCLUDE_IN_FRAMEWORK_HEADER = YES;
				CLANG_WARN_RANGE_LOOP_ANALYSIS = YES;
				CLANG_WARN_STRICT_PROTOTYPES = YES;
				CLANG_WARN_SUSPICIOUS_MOVE = YES;
				CLANG_WARN_UNGUARDED_AVAILABILITY = YES_AGGRESSIVE;
				CLANG_WARN_UNREACHABLE_CODE = YES;
				CLANG_WARN__DUPLICATE_METHOD_MATCH = YES;
				COPY_PHASE_STRIP = NO;
				DEBUG_INFORMATION_FORMAT = "dwarf-with-dsym";
				ENABLE_NS_ASSERTIONS = NO;
				ENABLE_STRICT_OBJC_MSGSEND = YES;
				GCC_C_LANGUAGE_STANDARD = gnu11;
				GCC_NO_COMMON_BLOCKS = YES;
				GCC_WARN_64_TO_32_BIT_CONVERSION = YES;
				GCC_WARN_ABOUT_RETURN_TYPE = YES_ERROR;
				GCC_WARN_UNDECLARED_SELECTOR = YES;
				GCC_WARN_UNINITIALIZED_AUTOS = YES_AGGRESSIVE;
				GCC_WARN_UNUSED_FUNCTION = YES;
				GCC_WARN_UNUSED_VARIABLE = YES;
				MTL_ENABLE_DEBUG_INFO = NO;
				MTL_FAST_MATH = YES;
				SWIFT_COMPILATION_MODE = wholemodule;
				SWIFT_OPTIMIZATION_LEVEL = "-O";
			};
			name = Release;
		};
		90FC28CC27F4D95C009BD5C2 /* Debug */ = {
			isa = XCBuildConfiguration;
			buildSettings = {
				ASSETCATALOG_COMPILER_APPICON_NAME = AppIcon;
				ASSETCATALOG_COMPILER_GLOBAL_ACCENT_COLOR_NAME = AccentColor;
				CODE_SIGN_STYLE = Automatic;
				CURRENT_PROJECT_VERSION = 1;
				DEVELOPMENT_TEAM = 8BAA26U799;
				ENABLE_PREVIEWS = YES;
				GENERATE_INFOPLIST_FILE = YES;
				INFOPLIST_KEY_UIApplicationSceneManifest_Generation = YES;
				INFOPLIST_KEY_UIApplicationSupportsIndirectInputEvents = YES;
				INFOPLIST_KEY_UILaunchScreen_Generation = YES;
				INFOPLIST_KEY_UISupportedInterfaceOrientations_iPad = "UIInterfaceOrientationPortrait UIInterfaceOrientationPortraitUpsideDown UIInterfaceOrientationLandscapeLeft UIInterfaceOrientationLandscapeRight";
				INFOPLIST_KEY_UISupportedInterfaceOrientations_iPhone = "UIInterfaceOrientationPortrait UIInterfaceOrientationLandscapeLeft UIInterfaceOrientationLandscapeRight";
				IPHONEOS_DEPLOYMENT_TARGET = 15.4;
				LD_RUNPATH_SEARCH_PATHS = (
					"$(inherited)",
					"@executable_path/Frameworks",
				);
				MARKETING_VERSION = 1.0;
				PRODUCT_BUNDLE_IDENTIFIER = josephcamilla.NetworkingDemo;
				PRODUCT_NAME = NetworkingDemo;
				SDKROOT = iphoneos;
				SWIFT_EMIT_LOC_STRINGS = YES;
				SWIFT_VERSION = 5.0;
				TARGETED_DEVICE_FAMILY = "1,2";
			};
			name = Debug;
		};
		90FC28CD27F4D95C009BD5C2 /* Release */ = {
			isa = XCBuildConfiguration;
			buildSettings = {
				ASSETCATALOG_COMPILER_APPICON_NAME = AppIcon;
				ASSETCATALOG_COMPILER_GLOBAL_ACCENT_COLOR_NAME = AccentColor;
				CODE_SIGN_STYLE = Automatic;
				CURRENT_PROJECT_VERSION = 1;
				DEVELOPMENT_TEAM = 8BAA26U799;
				ENABLE_PREVIEWS = YES;
				GENERATE_INFOPLIST_FILE = YES;
				INFOPLIST_KEY_UIApplicationSceneManifest_Generation = YES;
				INFOPLIST_KEY_UIApplicationSupportsIndirectInputEvents = YES;
				INFOPLIST_KEY_UILaunchScreen_Generation = YES;
				INFOPLIST_KEY_UISupportedInterfaceOrientations_iPad = "UIInterfaceOrientationPortrait UIInterfaceOrientationPortraitUpsideDown UIInterfaceOrientationLandscapeLeft UIInterfaceOrientationLandscapeRight";
				INFOPLIST_KEY_UISupportedInterfaceOrientations_iPhone = "UIInterfaceOrientationPortrait UIInterfaceOrientationLandscapeLeft UIInterfaceOrientationLandscapeRight";
				IPHONEOS_DEPLOYMENT_TARGET = 15.4;
				LD_RUNPATH_SEARCH_PATHS = (
					"$(inherited)",
					"@executable_path/Frameworks",
				);
				MARKETING_VERSION = 1.0;
				PRODUCT_BUNDLE_IDENTIFIER = josephcamilla.NetworkingDemo;
				PRODUCT_NAME = NetworkingDemo;
				SDKROOT = iphoneos;
				SWIFT_EMIT_LOC_STRINGS = YES;
				SWIFT_VERSION = 5.0;
				TARGETED_DEVICE_FAMILY = "1,2";
				VALIDATE_PRODUCT = YES;
			};
			name = Release;
		};
		90FC28CF27F4D95C009BD5C2 /* Debug */ = {
			isa = XCBuildConfiguration;
			buildSettings = {
				ASSETCATALOG_COMPILER_APPICON_NAME = AppIcon;
				ASSETCATALOG_COMPILER_GLOBAL_ACCENT_COLOR_NAME = AccentColor;
				CODE_SIGN_ENTITLEMENTS = macOS/macOS.entitlements;
				CODE_SIGN_STYLE = Automatic;
				COMBINE_HIDPI_IMAGES = YES;
				CURRENT_PROJECT_VERSION = 1;
				DEVELOPMENT_TEAM = 8BAA26U799;
				ENABLE_HARDENED_RUNTIME = YES;
				ENABLE_PREVIEWS = YES;
				GENERATE_INFOPLIST_FILE = YES;
				INFOPLIST_KEY_NSHumanReadableCopyright = "";
				LD_RUNPATH_SEARCH_PATHS = (
					"$(inherited)",
					"@executable_path/../Frameworks",
				);
				MACOSX_DEPLOYMENT_TARGET = 12.3;
				MARKETING_VERSION = 1.0;
				PRODUCT_BUNDLE_IDENTIFIER = josephcamilla.NetworkingDemo;
				PRODUCT_NAME = NetworkingDemo;
				SDKROOT = macosx;
				SWIFT_EMIT_LOC_STRINGS = YES;
				SWIFT_VERSION = 5.0;
			};
			name = Debug;
		};
		90FC28D027F4D95C009BD5C2 /* Release */ = {
			isa = XCBuildConfiguration;
			buildSettings = {
				ASSETCATALOG_COMPILER_APPICON_NAME = AppIcon;
				ASSETCATALOG_COMPILER_GLOBAL_ACCENT_COLOR_NAME = AccentColor;
				CODE_SIGN_ENTITLEMENTS = macOS/macOS.entitlements;
				CODE_SIGN_STYLE = Automatic;
				COMBINE_HIDPI_IMAGES = YES;
				CURRENT_PROJECT_VERSION = 1;
				DEVELOPMENT_TEAM = 8BAA26U799;
				ENABLE_HARDENED_RUNTIME = YES;
				ENABLE_PREVIEWS = YES;
				GENERATE_INFOPLIST_FILE = YES;
				INFOPLIST_KEY_NSHumanReadableCopyright = "";
				LD_RUNPATH_SEARCH_PATHS = (
					"$(inherited)",
					"@executable_path/../Frameworks",
				);
				MACOSX_DEPLOYMENT_TARGET = 12.3;
				MARKETING_VERSION = 1.0;
				PRODUCT_BUNDLE_IDENTIFIER = josephcamilla.NetworkingDemo;
				PRODUCT_NAME = NetworkingDemo;
				SDKROOT = macosx;
				SWIFT_EMIT_LOC_STRINGS = YES;
				SWIFT_VERSION = 5.0;
			};
			name = Release;
		};
		90FC28D227F4D95C009BD5C2 /* Debug */ = {
			isa = XCBuildConfiguration;
			buildSettings = {
				ALWAYS_EMBED_SWIFT_STANDARD_LIBRARIES = YES;
				CODE_SIGN_STYLE = Automatic;
				CURRENT_PROJECT_VERSION = 1;
				DEVELOPMENT_TEAM = 8BAA26U799;
				GENERATE_INFOPLIST_FILE = YES;
				IPHONEOS_DEPLOYMENT_TARGET = 15.4;
				MARKETING_VERSION = 1.0;
				PRODUCT_BUNDLE_IDENTIFIER = "josephcamilla.Tests-iOS";
				PRODUCT_NAME = "$(TARGET_NAME)";
				SDKROOT = iphoneos;
				SWIFT_EMIT_LOC_STRINGS = NO;
				SWIFT_VERSION = 5.0;
				TARGETED_DEVICE_FAMILY = "1,2";
				TEST_TARGET_NAME = "NetworkingDemo (iOS)";
			};
			name = Debug;
		};
		90FC28D327F4D95C009BD5C2 /* Release */ = {
			isa = XCBuildConfiguration;
			buildSettings = {
				ALWAYS_EMBED_SWIFT_STANDARD_LIBRARIES = YES;
				CODE_SIGN_STYLE = Automatic;
				CURRENT_PROJECT_VERSION = 1;
				DEVELOPMENT_TEAM = 8BAA26U799;
				GENERATE_INFOPLIST_FILE = YES;
				IPHONEOS_DEPLOYMENT_TARGET = 15.4;
				MARKETING_VERSION = 1.0;
				PRODUCT_BUNDLE_IDENTIFIER = "josephcamilla.Tests-iOS";
				PRODUCT_NAME = "$(TARGET_NAME)";
				SDKROOT = iphoneos;
				SWIFT_EMIT_LOC_STRINGS = NO;
				SWIFT_VERSION = 5.0;
				TARGETED_DEVICE_FAMILY = "1,2";
				TEST_TARGET_NAME = "NetworkingDemo (iOS)";
				VALIDATE_PRODUCT = YES;
			};
			name = Release;
		};
		90FC28D527F4D95C009BD5C2 /* Debug */ = {
			isa = XCBuildConfiguration;
			buildSettings = {
				ALWAYS_EMBED_SWIFT_STANDARD_LIBRARIES = YES;
				CODE_SIGN_STYLE = Automatic;
				CURRENT_PROJECT_VERSION = 1;
				DEVELOPMENT_TEAM = 8BAA26U799;
				GENERATE_INFOPLIST_FILE = YES;
				MACOSX_DEPLOYMENT_TARGET = 12.3;
				MARKETING_VERSION = 1.0;
				PRODUCT_BUNDLE_IDENTIFIER = "josephcamilla.Tests-macOS";
				PRODUCT_NAME = "$(TARGET_NAME)";
				SDKROOT = macosx;
				SWIFT_EMIT_LOC_STRINGS = NO;
				SWIFT_VERSION = 5.0;
				TEST_TARGET_NAME = "NetworkingDemo (macOS)";
			};
			name = Debug;
		};
		90FC28D627F4D95C009BD5C2 /* Release */ = {
			isa = XCBuildConfiguration;
			buildSettings = {
				ALWAYS_EMBED_SWIFT_STANDARD_LIBRARIES = YES;
				CODE_SIGN_STYLE = Automatic;
				CURRENT_PROJECT_VERSION = 1;
				DEVELOPMENT_TEAM = 8BAA26U799;
				GENERATE_INFOPLIST_FILE = YES;
				MACOSX_DEPLOYMENT_TARGET = 12.3;
				MARKETING_VERSION = 1.0;
				PRODUCT_BUNDLE_IDENTIFIER = "josephcamilla.Tests-macOS";
				PRODUCT_NAME = "$(TARGET_NAME)";
				SDKROOT = macosx;
				SWIFT_EMIT_LOC_STRINGS = NO;
				SWIFT_VERSION = 5.0;
				TEST_TARGET_NAME = "NetworkingDemo (macOS)";
			};
			name = Release;
		};
/* End XCBuildConfiguration section */

/* Begin XCConfigurationList section */
		90FC289927F4D95B009BD5C2 /* Build configuration list for PBXProject "NetworkingDemo" */ = {
			isa = XCConfigurationList;
			buildConfigurations = (
				90FC28C927F4D95C009BD5C2 /* Debug */,
				90FC28CA27F4D95C009BD5C2 /* Release */,
			);
			defaultConfigurationIsVisible = 0;
			defaultConfigurationName = Release;
		};
		90FC28CB27F4D95C009BD5C2 /* Build configuration list for PBXNativeTarget "NetworkingDemo (iOS)" */ = {
			isa = XCConfigurationList;
			buildConfigurations = (
				90FC28CC27F4D95C009BD5C2 /* Debug */,
				90FC28CD27F4D95C009BD5C2 /* Release */,
			);
			defaultConfigurationIsVisible = 0;
			defaultConfigurationName = Release;
		};
		90FC28CE27F4D95C009BD5C2 /* Build configuration list for PBXNativeTarget "NetworkingDemo (macOS)" */ = {
			isa = XCConfigurationList;
			buildConfigurations = (
				90FC28CF27F4D95C009BD5C2 /* Debug */,
				90FC28D027F4D95C009BD5C2 /* Release */,
			);
			defaultConfigurationIsVisible = 0;
			defaultConfigurationName = Release;
		};
		90FC28D127F4D95C009BD5C2 /* Build configuration list for PBXNativeTarget "Tests iOS" */ = {
			isa = XCConfigurationList;
			buildConfigurations = (
				90FC28D227F4D95C009BD5C2 /* Debug */,
				90FC28D327F4D95C009BD5C2 /* Release */,
			);
			defaultConfigurationIsVisible = 0;
			defaultConfigurationName = Release;
		};
		90FC28D427F4D95C009BD5C2 /* Build configuration list for PBXNativeTarget "Tests macOS" */ = {
			isa = XCConfigurationList;
			buildConfigurations = (
				90FC28D527F4D95C009BD5C2 /* Debug */,
				90FC28D627F4D95C009BD5C2 /* Release */,
			);
			defaultConfigurationIsVisible = 0;
			defaultConfigurationName = Release;
		};
/* End XCConfigurationList section */
	};
	rootObject = 90FC289627F4D95B009BD5C2 /* Project object */;
}
