// !$*UTF8*$!
{
	archiveVersion = 1;
	classes = {
	};
	objectVersion = 55;
	objects = {

/* Begin PBXBuildFile section */
		908A61CB28158277000B5ECF /* HomeServiceTests.swift in Sources */ = {isa = PBXBuildFile; fileRef = 908A61CA28158277000B5ECF /* HomeServiceTests.swift */; };
		908A61CD2815862B000B5ECF /* HomeServiceMockTests.swift in Sources */ = {isa = PBXBuildFile; fileRef = 908A61CC2815862B000B5ECF /* HomeServiceMockTests.swift */; };
		908A61D028158665000B5ECF /* HomeServiceMock.swift in Sources */ = {isa = PBXBuildFile; fileRef = 908A61CF28158665000B5ECF /* HomeServiceMock.swift */; };
		908A61D42815896A000B5ECF /* NetworkingManagerMock.swift in Sources */ = {isa = PBXBuildFile; fileRef = 908A61D32815896A000B5ECF /* NetworkingManagerMock.swift */; };
		90FC28C327F4D95C009BD5C2 /* NetworkingDemoApp.swift in Sources */ = {isa = PBXBuildFile; fileRef = 90FC289B27F4D95B009BD5C2 /* NetworkingDemoApp.swift */; };
		90FC28C527F4D95C009BD5C2 /* HomeContentView.swift in Sources */ = {isa = PBXBuildFile; fileRef = 90FC289C27F4D95B009BD5C2 /* HomeContentView.swift */; };
		90FC28C727F4D95C009BD5C2 /* Assets.xcassets in Resources */ = {isa = PBXBuildFile; fileRef = 90FC289D27F4D95C009BD5C2 /* Assets.xcassets */; };
		90FC28D927F4D9E1009BD5C2 /* HomeViewModel.swift in Sources */ = {isa = PBXBuildFile; fileRef = 90FC28D827F4D9E1009BD5C2 /* HomeViewModel.swift */; };
		90FC28E127F4DA74009BD5C2 /* PostItem.swift in Sources */ = {isa = PBXBuildFile; fileRef = 90FC28E027F4DA74009BD5C2 /* PostItem.swift */; };
		90FC28E427F4DDEF009BD5C2 /* NetworkingManager.swift in Sources */ = {isa = PBXBuildFile; fileRef = 90FC28E327F4DDEF009BD5C2 /* NetworkingManager.swift */; };
		90FC28E727F4DE91009BD5C2 /* NetworkingConstants.swift in Sources */ = {isa = PBXBuildFile; fileRef = 90FC28E627F4DE91009BD5C2 /* NetworkingConstants.swift */; };
		90FC28EA27F4E1E8009BD5C2 /* HomeAPIEndpoints.swift in Sources */ = {isa = PBXBuildFile; fileRef = 90FC28E927F4E1E8009BD5C2 /* HomeAPIEndpoints.swift */; };
		90FC28ED27F4EB98009BD5C2 /* APIConfiguration.swift in Sources */ = {isa = PBXBuildFile; fileRef = 90FC28EC27F4EB98009BD5C2 /* APIConfiguration.swift */; };
		90FC28F027F4F528009BD5C2 /* HomeService.swift in Sources */ = {isa = PBXBuildFile; fileRef = 90FC28EF27F4F528009BD5C2 /* HomeService.swift */; };
		90FC28F827F4F66B009BD5C2 /* BaseService.swift in Sources */ = {isa = PBXBuildFile; fileRef = 90FC28F727F4F66B009BD5C2 /* BaseService.swift */; };
/* End PBXBuildFile section */

/* Begin PBXContainerItemProxy section */
		908A61C42815824F000B5ECF /* PBXContainerItemProxy */ = {
			isa = PBXContainerItemProxy;
			containerPortal = 90FC289627F4D95B009BD5C2 /* Project object */;
			proxyType = 1;
			remoteGlobalIDString = 90FC28A127F4D95C009BD5C2;
			remoteInfo = "NetworkingDemo (iOS)";
		};
/* End PBXContainerItemProxy section */

/* Begin PBXFileReference section */
		908A61C02815824F000B5ECF /* NetworkingDemoTests.xctest */ = {isa = PBXFileReference; explicitFileType = wrapper.cfbundle; includeInIndex = 0; path = NetworkingDemoTests.xctest; sourceTree = BUILT_PRODUCTS_DIR; };
		908A61CA28158277000B5ECF /* HomeServiceTests.swift */ = {isa = PBXFileReference; lastKnownFileType = sourcecode.swift; path = HomeServiceTests.swift; sourceTree = "<group>"; };
		908A61CC2815862B000B5ECF /* HomeServiceMockTests.swift */ = {isa = PBXFileReference; lastKnownFileType = sourcecode.swift; path = HomeServiceMockTests.swift; sourceTree = "<group>"; };
		908A61CF28158665000B5ECF /* HomeServiceMock.swift */ = {isa = PBXFileReference; lastKnownFileType = sourcecode.swift; path = HomeServiceMock.swift; sourceTree = "<group>"; };
		908A61D1281587BF000B5ECF /* NetworkingDemo-Bridging-Header.h */ = {isa = PBXFileReference; lastKnownFileType = sourcecode.c.h; path = "NetworkingDemo-Bridging-Header.h"; sourceTree = "<group>"; };
		908A61D228158831000B5ECF /* NetworkingDemoTests-Bridging-Header.h */ = {isa = PBXFileReference; lastKnownFileType = sourcecode.c.h; path = "NetworkingDemoTests-Bridging-Header.h"; sourceTree = "<group>"; };
		908A61D32815896A000B5ECF /* NetworkingManagerMock.swift */ = {isa = PBXFileReference; lastKnownFileType = sourcecode.swift; path = NetworkingManagerMock.swift; sourceTree = "<group>"; };
		90FC289B27F4D95B009BD5C2 /* NetworkingDemoApp.swift */ = {isa = PBXFileReference; lastKnownFileType = sourcecode.swift; path = NetworkingDemoApp.swift; sourceTree = "<group>"; };
		90FC289C27F4D95B009BD5C2 /* HomeContentView.swift */ = {isa = PBXFileReference; lastKnownFileType = sourcecode.swift; path = HomeContentView.swift; sourceTree = "<group>"; };
		90FC289D27F4D95C009BD5C2 /* Assets.xcassets */ = {isa = PBXFileReference; lastKnownFileType = folder.assetcatalog; path = Assets.xcassets; sourceTree = "<group>"; };
		90FC28A227F4D95C009BD5C2 /* NetworkingDemo.app */ = {isa = PBXFileReference; explicitFileType = wrapper.application; includeInIndex = 0; path = NetworkingDemo.app; sourceTree = BUILT_PRODUCTS_DIR; };
		90FC28D827F4D9E1009BD5C2 /* HomeViewModel.swift */ = {isa = PBXFileReference; lastKnownFileType = sourcecode.swift; path = HomeViewModel.swift; sourceTree = "<group>"; };
		90FC28E027F4DA74009BD5C2 /* PostItem.swift */ = {isa = PBXFileReference; lastKnownFileType = sourcecode.swift; path = PostItem.swift; sourceTree = "<group>"; };
		90FC28E327F4DDEF009BD5C2 /* NetworkingManager.swift */ = {isa = PBXFileReference; lastKnownFileType = sourcecode.swift; path = NetworkingManager.swift; sourceTree = "<group>"; };
		90FC28E627F4DE91009BD5C2 /* NetworkingConstants.swift */ = {isa = PBXFileReference; lastKnownFileType = sourcecode.swift; path = NetworkingConstants.swift; sourceTree = "<group>"; };
		90FC28E927F4E1E8009BD5C2 /* HomeAPIEndpoints.swift */ = {isa = PBXFileReference; lastKnownFileType = sourcecode.swift; path = HomeAPIEndpoints.swift; sourceTree = "<group>"; };
		90FC28EC27F4EB98009BD5C2 /* APIConfiguration.swift */ = {isa = PBXFileReference; lastKnownFileType = sourcecode.swift; path = APIConfiguration.swift; sourceTree = "<group>"; };
		90FC28EF27F4F528009BD5C2 /* HomeService.swift */ = {isa = PBXFileReference; lastKnownFileType = sourcecode.swift; path = HomeService.swift; sourceTree = "<group>"; };
		90FC28F727F4F66B009BD5C2 /* BaseService.swift */ = {isa = PBXFileReference; lastKnownFileType = sourcecode.swift; path = BaseService.swift; sourceTree = "<group>"; };
/* End PBXFileReference section */

/* Begin PBXFrameworksBuildPhase section */
		908A61BD2815824F000B5ECF /* Frameworks */ = {
			isa = PBXFrameworksBuildPhase;
			buildActionMask = 2147483647;
			files = (
			);
			runOnlyForDeploymentPostprocessing = 0;
		};
		90FC289F27F4D95C009BD5C2 /* Frameworks */ = {
			isa = PBXFrameworksBuildPhase;
			buildActionMask = 2147483647;
			files = (
			);
			runOnlyForDeploymentPostprocessing = 0;
		};
/* End PBXFrameworksBuildPhase section */

/* Begin PBXGroup section */
		908A61C12815824F000B5ECF /* NetworkingDemoTests */ = {
			isa = PBXGroup;
			children = (
				908A61CE28158659000B5ECF /* Mocks */,
				908A61CA28158277000B5ECF /* HomeServiceTests.swift */,
				908A61CC2815862B000B5ECF /* HomeServiceMockTests.swift */,
				908A61D228158831000B5ECF /* NetworkingDemoTests-Bridging-Header.h */,
			);
			path = NetworkingDemoTests;
			sourceTree = "<group>";
		};
		908A61CE28158659000B5ECF /* Mocks */ = {
			isa = PBXGroup;
			children = (
				908A61CF28158665000B5ECF /* HomeServiceMock.swift */,
				908A61D32815896A000B5ECF /* NetworkingManagerMock.swift */,
			);
			path = Mocks;
			sourceTree = "<group>";
		};
		90BDDBFF27FF455B00A30FD8 /* Common */ = {
			isa = PBXGroup;
			children = (
			);
			path = Common;
			sourceTree = "<group>";
		};
		90FC289527F4D95B009BD5C2 = {
			isa = PBXGroup;
			children = (
				908A61D1281587BF000B5ECF /* NetworkingDemo-Bridging-Header.h */,
				90FC289A27F4D95B009BD5C2 /* Shared */,
				908A61C12815824F000B5ECF /* NetworkingDemoTests */,
				90FC28A327F4D95C009BD5C2 /* Products */,
			);
			sourceTree = "<group>";
		};
		90FC289A27F4D95B009BD5C2 /* Shared */ = {
			isa = PBXGroup;
			children = (
				90BDDBFF27FF455B00A30FD8 /* Common */,
				90FC28DF27F4DA5A009BD5C2 /* App */,
				90FC28DC27F4DA35009BD5C2 /* Models */,
				90FC28D727F4D96B009BD5C2 /* Networking */,
				90FC28DD27F4DA3B009BD5C2 /* Scenes */,
				90FC28DB27F4D9EE009BD5C2 /* Utilities */,
			);
			path = Shared;
			sourceTree = "<group>";
		};
		90FC28A327F4D95C009BD5C2 /* Products */ = {
			isa = PBXGroup;
			children = (
				90FC28A227F4D95C009BD5C2 /* NetworkingDemo.app */,
				908A61C02815824F000B5ECF /* NetworkingDemoTests.xctest */,
			);
			name = Products;
			sourceTree = "<group>";
		};
		90FC28D727F4D96B009BD5C2 /* Networking */ = {
			isa = PBXGroup;
			children = (
				90FC28F427F4F63A009BD5C2 /* Constants */,
				90FC28F627F4F648009BD5C2 /* Endpoints */,
				90FC28F527F4F643009BD5C2 /* Manager */,
				90FC28F327F4F62D009BD5C2 /* Protocols */,
				90FC28F227F4F625009BD5C2 /* Services */,
			);
			path = Networking;
			sourceTree = "<group>";
		};
		90FC28DB27F4D9EE009BD5C2 /* Utilities */ = {
			isa = PBXGroup;
			children = (
				90FC289D27F4D95C009BD5C2 /* Assets.xcassets */,
			);
			path = Utilities;
			sourceTree = "<group>";
		};
		90FC28DC27F4DA35009BD5C2 /* Models */ = {
			isa = PBXGroup;
			children = (
				90FC28E027F4DA74009BD5C2 /* PostItem.swift */,
			);
			path = Models;
			sourceTree = "<group>";
		};
		90FC28DD27F4DA3B009BD5C2 /* Scenes */ = {
			isa = PBXGroup;
			children = (
				90FC28DE27F4DA3F009BD5C2 /* Home */,
			);
			path = Scenes;
			sourceTree = "<group>";
		};
		90FC28DE27F4DA3F009BD5C2 /* Home */ = {
			isa = PBXGroup;
			children = (
				90FC289C27F4D95B009BD5C2 /* HomeContentView.swift */,
				90FC28D827F4D9E1009BD5C2 /* HomeViewModel.swift */,
			);
			path = Home;
			sourceTree = "<group>";
		};
		90FC28DF27F4DA5A009BD5C2 /* App */ = {
			isa = PBXGroup;
			children = (
				90FC289B27F4D95B009BD5C2 /* NetworkingDemoApp.swift */,
			);
			path = App;
			sourceTree = "<group>";
		};
		90FC28F227F4F625009BD5C2 /* Services */ = {
			isa = PBXGroup;
			children = (
				90FC28EF27F4F528009BD5C2 /* HomeService.swift */,
				90FC28F727F4F66B009BD5C2 /* BaseService.swift */,
			);
			path = Services;
			sourceTree = "<group>";
		};
		90FC28F327F4F62D009BD5C2 /* Protocols */ = {
			isa = PBXGroup;
			children = (
				90FC28EC27F4EB98009BD5C2 /* APIConfiguration.swift */,
			);
			path = Protocols;
			sourceTree = "<group>";
		};
		90FC28F427F4F63A009BD5C2 /* Constants */ = {
			isa = PBXGroup;
			children = (
				90FC28E627F4DE91009BD5C2 /* NetworkingConstants.swift */,
			);
			path = Constants;
			sourceTree = "<group>";
		};
		90FC28F527F4F643009BD5C2 /* Manager */ = {
			isa = PBXGroup;
			children = (
				90FC28E327F4DDEF009BD5C2 /* NetworkingManager.swift */,
			);
			path = Manager;
			sourceTree = "<group>";
		};
		90FC28F627F4F648009BD5C2 /* Endpoints */ = {
			isa = PBXGroup;
			children = (
				90FC28E927F4E1E8009BD5C2 /* HomeAPIEndpoints.swift */,
			);
			path = Endpoints;
			sourceTree = "<group>";
		};
/* End PBXGroup section */

/* Begin PBXNativeTarget section */
		908A61BF2815824F000B5ECF /* NetworkingDemoTests */ = {
			isa = PBXNativeTarget;
			buildConfigurationList = 908A61C62815824F000B5ECF /* Build configuration list for PBXNativeTarget "NetworkingDemoTests" */;
			buildPhases = (
				908A61BC2815824F000B5ECF /* Sources */,
				908A61BD2815824F000B5ECF /* Frameworks */,
				908A61BE2815824F000B5ECF /* Resources */,
			);
			buildRules = (
			);
			dependencies = (
				908A61C52815824F000B5ECF /* PBXTargetDependency */,
			);
			name = NetworkingDemoTests;
			productName = NetworkingDemoTests;
			productReference = 908A61C02815824F000B5ECF /* NetworkingDemoTests.xctest */;
			productType = "com.apple.product-type.bundle.unit-test";
		};
		90FC28A127F4D95C009BD5C2 /* NetworkingDemo (iOS) */ = {
			isa = PBXNativeTarget;
			buildConfigurationList = 90FC28CB27F4D95C009BD5C2 /* Build configuration list for PBXNativeTarget "NetworkingDemo (iOS)" */;
			buildPhases = (
				90FC289E27F4D95C009BD5C2 /* Sources */,
				90FC289F27F4D95C009BD5C2 /* Frameworks */,
				90FC28A027F4D95C009BD5C2 /* Resources */,
			);
			buildRules = (
			);
			dependencies = (
			);
			name = "NetworkingDemo (iOS)";
			productName = "NetworkingDemo (iOS)";
			productReference = 90FC28A227F4D95C009BD5C2 /* NetworkingDemo.app */;
			productType = "com.apple.product-type.application";
		};
/* End PBXNativeTarget section */

/* Begin PBXProject section */
		90FC289627F4D95B009BD5C2 /* Project object */ = {
			isa = PBXProject;
			attributes = {
				BuildIndependentTargetsInParallel = 1;
				LastSwiftUpdateCheck = 1330;
				LastUpgradeCheck = 1330;
				TargetAttributes = {
					908A61BF2815824F000B5ECF = {
						CreatedOnToolsVersion = 13.3;
						LastSwiftMigration = 1330;
						TestTargetID = 90FC28A127F4D95C009BD5C2;
					};
					90FC28A127F4D95C009BD5C2 = {
						CreatedOnToolsVersion = 13.3;
					};
				};
			};
			buildConfigurationList = 90FC289927F4D95B009BD5C2 /* Build configuration list for PBXProject "NetworkingDemo" */;
			compatibilityVersion = "Xcode 13.0";
			developmentRegion = en;
			hasScannedForEncodings = 0;
			knownRegions = (
				en,
				Base,
			);
			mainGroup = 90FC289527F4D95B009BD5C2;
			productRefGroup = 90FC28A327F4D95C009BD5C2 /* Products */;
			projectDirPath = "";
			projectRoot = "";
			targets = (
				90FC28A127F4D95C009BD5C2 /* NetworkingDemo (iOS) */,
				908A61BF2815824F000B5ECF /* NetworkingDemoTests */,
			);
		};
/* End PBXProject section */

/* Begin PBXResourcesBuildPhase section */
		908A61BE2815824F000B5ECF /* Resources */ = {
			isa = PBXResourcesBuildPhase;
			buildActionMask = 2147483647;
			files = (
			);
			runOnlyForDeploymentPostprocessing = 0;
		};
		90FC28A027F4D95C009BD5C2 /* Resources */ = {
			isa = PBXResourcesBuildPhase;
			buildActionMask = 2147483647;
			files = (
				90FC28C727F4D95C009BD5C2 /* Assets.xcassets in Resources */,
			);
			runOnlyForDeploymentPostprocessing = 0;
		};
/* End PBXResourcesBuildPhase section */

/* Begin PBXSourcesBuildPhase section */
		908A61BC2815824F000B5ECF /* Sources */ = {
			isa = PBXSourcesBuildPhase;
			buildActionMask = 2147483647;
			files = (
				908A61CD2815862B000B5ECF /* HomeServiceMockTests.swift in Sources */,
				908A61D028158665000B5ECF /* HomeServiceMock.swift in Sources */,
				908A61CB28158277000B5ECF /* HomeServiceTests.swift in Sources */,
				908A61D42815896A000B5ECF /* NetworkingManagerMock.swift in Sources */,
			);
			runOnlyForDeploymentPostprocessing = 0;
		};
		90FC289E27F4D95C009BD5C2 /* Sources */ = {
			isa = PBXSourcesBuildPhase;
			buildActionMask = 2147483647;
			files = (
				90FC28C527F4D95C009BD5C2 /* HomeContentView.swift in Sources */,
				90FC28D927F4D9E1009BD5C2 /* HomeViewModel.swift in Sources */,
				90FC28E127F4DA74009BD5C2 /* PostItem.swift in Sources */,
				90FC28ED27F4EB98009BD5C2 /* APIConfiguration.swift in Sources */,
				90FC28E427F4DDEF009BD5C2 /* NetworkingManager.swift in Sources */,
				90FC28C327F4D95C009BD5C2 /* NetworkingDemoApp.swift in Sources */,
				90FC28F027F4F528009BD5C2 /* HomeService.swift in Sources */,
				90FC28E727F4DE91009BD5C2 /* NetworkingConstants.swift in Sources */,
				90FC28F827F4F66B009BD5C2 /* BaseService.swift in Sources */,
				90FC28EA27F4E1E8009BD5C2 /* HomeAPIEndpoints.swift in Sources */,
			);
			runOnlyForDeploymentPostprocessing = 0;
		};
/* End PBXSourcesBuildPhase section */

/* Begin PBXTargetDependency section */
		908A61C52815824F000B5ECF /* PBXTargetDependency */ = {
			isa = PBXTargetDependency;
			target = 90FC28A127F4D95C009BD5C2 /* NetworkingDemo (iOS) */;
			targetProxy = 908A61C42815824F000B5ECF /* PBXContainerItemProxy */;
		};
/* End PBXTargetDependency section */

/* Begin XCBuildConfiguration section */
		908A61C72815824F000B5ECF /* Debug */ = {
			isa = XCBuildConfiguration;
			buildSettings = {
				BUNDLE_LOADER = "$(TEST_HOST)";
				CLANG_ENABLE_MODULES = YES;
				CODE_SIGN_STYLE = Automatic;
				CURRENT_PROJECT_VERSION = 1;
				DEVELOPMENT_TEAM = 8BAA26U799;
				GENERATE_INFOPLIST_FILE = YES;
				IPHONEOS_DEPLOYMENT_TARGET = 15.4;
				LD_RUNPATH_SEARCH_PATHS = (
					"$(inherited)",
					"@executable_path/Frameworks",
					"@loader_path/Frameworks",
				);
				MARKETING_VERSION = 1.0;
				PRODUCT_BUNDLE_IDENTIFIER = josephcamilla.NetworkingDemoTests;
				PRODUCT_NAME = "$(TARGET_NAME)";
				SDKROOT = iphoneos;
				SWIFT_EMIT_LOC_STRINGS = NO;
				SWIFT_OBJC_BRIDGING_HEADER = "NetworkingDemoTests/NetworkingDemoTests-Bridging-Header.h";
				SWIFT_OPTIMIZATION_LEVEL = "-Onone";
				SWIFT_VERSION = 5.0;
				TARGETED_DEVICE_FAMILY = "1,2";
				TEST_HOST = "$(BUILT_PRODUCTS_DIR)/NetworkingDemo.app/NetworkingDemo";
			};
			name = Debug;
		};
		908A61C82815824F000B5ECF /* Release */ = {
			isa = XCBuildConfiguration;
			buildSettings = {
				BUNDLE_LOADER = "$(TEST_HOST)";
				CLANG_ENABLE_MODULES = YES;
				CODE_SIGN_STYLE = Automatic;
				CURRENT_PROJECT_VERSION = 1;
				DEVELOPMENT_TEAM = 8BAA26U799;
				GENERATE_INFOPLIST_FILE = YES;
				IPHONEOS_DEPLOYMENT_TARGET = 15.4;
				LD_RUNPATH_SEARCH_PATHS = (
					"$(inherited)",
					"@executable_path/Frameworks",
					"@loader_path/Frameworks",
				);
				MARKETING_VERSION = 1.0;
				PRODUCT_BUNDLE_IDENTIFIER = josephcamilla.NetworkingDemoTests;
				PRODUCT_NAME = "$(TARGET_NAME)";
				SDKROOT = iphoneos;
				SWIFT_EMIT_LOC_STRINGS = NO;
				SWIFT_OBJC_BRIDGING_HEADER = "NetworkingDemoTests/NetworkingDemoTests-Bridging-Header.h";
				SWIFT_VERSION = 5.0;
				TARGETED_DEVICE_FAMILY = "1,2";
				TEST_HOST = "$(BUILT_PRODUCTS_DIR)/NetworkingDemo.app/NetworkingDemo";
				VALIDATE_PRODUCT = YES;
			};
			name = Release;
		};
		90FC28C927F4D95C009BD5C2 /* Debug */ = {
			isa = XCBuildConfiguration;
			buildSettings = {
				ALWAYS_SEARCH_USER_PATHS = NO;
				CLANG_ANALYZER_NONNULL = YES;
				CLANG_ANALYZER_NUMBER_OBJECT_CONVERSION = YES_AGGRESSIVE;
				CLANG_CXX_LANGUAGE_STANDARD = "gnu++17";
				CLANG_ENABLE_MODULES = YES;
				CLANG_ENABLE_OBJC_ARC = YES;
				CLANG_ENABLE_OBJC_WEAK = YES;
				CLANG_WARN_BLOCK_CAPTURE_AUTORELEASING = YES;
				CLANG_WARN_BOOL_CONVERSION = YES;
				CLANG_WARN_COMMA = YES;
				CLANG_WARN_CONSTANT_CONVERSION = YES;
				CLANG_WARN_DEPRECATED_OBJC_IMPLEMENTATIONS = YES;
				CLANG_WARN_DIRECT_OBJC_ISA_USAGE = YES_ERROR;
				CLANG_WARN_DOCUMENTATION_COMMENTS = YES;
				CLANG_WARN_EMPTY_BODY = YES;
				CLANG_WARN_ENUM_CONVERSION = YES;
				CLANG_WARN_INFINITE_RECURSION = YES;
				CLANG_WARN_INT_CONVERSION = YES;
				CLANG_WARN_NON_LITERAL_NULL_CONVERSION = YES;
				CLANG_WARN_OBJC_IMPLICIT_RETAIN_SELF = YES;
				CLANG_WARN_OBJC_LITERAL_CONVERSION = YES;
				CLANG_WARN_OBJC_ROOT_CLASS = YES_ERROR;
				CLANG_WARN_QUOTED_INCLUDE_IN_FRAMEWORK_HEADER = YES;
				CLANG_WARN_RANGE_LOOP_ANALYSIS = YES;
				CLANG_WARN_STRICT_PROTOTYPES = YES;
				CLANG_WARN_SUSPICIOUS_MOVE = YES;
				CLANG_WARN_UNGUARDED_AVAILABILITY = YES_AGGRESSIVE;
				CLANG_WARN_UNREACHABLE_CODE = YES;
				CLANG_WARN__DUPLICATE_METHOD_MATCH = YES;
				COPY_PHASE_STRIP = NO;
				DEBUG_INFORMATION_FORMAT = dwarf;
				DEFINES_MODULE = YES;
				ENABLE_STRICT_OBJC_MSGSEND = YES;
				ENABLE_TESTABILITY = YES;
				GCC_C_LANGUAGE_STANDARD = gnu11;
				GCC_DYNAMIC_NO_PIC = NO;
				GCC_NO_COMMON_BLOCKS = YES;
				GCC_OPTIMIZATION_LEVEL = 0;
				GCC_PREPROCESSOR_DEFINITIONS = (
					"DEBUG=1",
					"$(inherited)",
				);
				GCC_WARN_64_TO_32_BIT_CONVERSION = YES;
				GCC_WARN_ABOUT_RETURN_TYPE = YES_ERROR;
				GCC_WARN_UNDECLARED_SELECTOR = YES;
				GCC_WARN_UNINITIALIZED_AUTOS = YES_AGGRESSIVE;
				GCC_WARN_UNUSED_FUNCTION = YES;
				GCC_WARN_UNUSED_VARIABLE = YES;
				MTL_ENABLE_DEBUG_INFO = INCLUDE_SOURCE;
				MTL_FAST_MATH = YES;
				ONLY_ACTIVE_ARCH = YES;
				SWIFT_ACTIVE_COMPILATION_CONDITIONS = DEBUG;
				SWIFT_OPTIMIZATION_LEVEL = "-Onone";
			};
			name = Debug;
		};
		90FC28CA27F4D95C009BD5C2 /* Release */ = {
			isa = XCBuildConfiguration;
			buildSettings = {
				ALWAYS_SEARCH_USER_PATHS = NO;
				CLANG_ANALYZER_NONNULL = YES;
				CLANG_ANALYZER_NUMBER_OBJECT_CONVERSION = YES_AGGRESSIVE;
				CLANG_CXX_LANGUAGE_STANDARD = "gnu++17";
				CLANG_ENABLE_MODULES = YES;
				CLANG_ENABLE_OBJC_ARC = YES;
				CLANG_ENABLE_OBJC_WEAK = YES;
				CLANG_WARN_BLOCK_CAPTURE_AUTORELEASING = YES;
				CLANG_WARN_BOOL_CONVERSION = YES;
				CLANG_WARN_COMMA = YES;
				CLANG_WARN_CONSTANT_CONVERSION = YES;
				CLANG_WARN_DEPRECATED_OBJC_IMPLEMENTATIONS = YES;
				CLANG_WARN_DIRECT_OBJC_ISA_USAGE = YES_ERROR;
				CLANG_WARN_DOCUMENTATION_COMMENTS = YES;
				CLANG_WARN_EMPTY_BODY = YES;
				CLANG_WARN_ENUM_CONVERSION = YES;
				CLANG_WARN_INFINITE_RECURSION = YES;
				CLANG_WARN_INT_CONVERSION = YES;
				CLANG_WARN_NON_LITERAL_NULL_CONVERSION = YES;
				CLANG_WARN_OBJC_IMPLICIT_RETAIN_SELF = YES;
				CLANG_WARN_OBJC_LITERAL_CONVERSION = YES;
				CLANG_WARN_OBJC_ROOT_CLASS = YES_ERROR;
				CLANG_WARN_QUOTED_INCLUDE_IN_FRAMEWORK_HEADER = YES;
				CLANG_WARN_RANGE_LOOP_ANALYSIS = YES;
				CLANG_WARN_STRICT_PROTOTYPES = YES;
				CLANG_WARN_SUSPICIOUS_MOVE = YES;
				CLANG_WARN_UNGUARDED_AVAILABILITY = YES_AGGRESSIVE;
				CLANG_WARN_UNREACHABLE_CODE = YES;
				CLANG_WARN__DUPLICATE_METHOD_MATCH = YES;
				COPY_PHASE_STRIP = NO;
				DEBUG_INFORMATION_FORMAT = "dwarf-with-dsym";
				DEFINES_MODULE = YES;
				ENABLE_NS_ASSERTIONS = NO;
				ENABLE_STRICT_OBJC_MSGSEND = YES;
				GCC_C_LANGUAGE_STANDARD = gnu11;
				GCC_NO_COMMON_BLOCKS = YES;
				GCC_WARN_64_TO_32_BIT_CONVERSION = YES;
				GCC_WARN_ABOUT_RETURN_TYPE = YES_ERROR;
				GCC_WARN_UNDECLARED_SELECTOR = YES;
				GCC_WARN_UNINITIALIZED_AUTOS = YES_AGGRESSIVE;
				GCC_WARN_UNUSED_FUNCTION = YES;
				GCC_WARN_UNUSED_VARIABLE = YES;
				MTL_ENABLE_DEBUG_INFO = NO;
				MTL_FAST_MATH = YES;
				SWIFT_COMPILATION_MODE = wholemodule;
				SWIFT_OPTIMIZATION_LEVEL = "-O";
			};
			name = Release;
		};
		90FC28CC27F4D95C009BD5C2 /* Debug */ = {
			isa = XCBuildConfiguration;
			buildSettings = {
				ASSETCATALOG_COMPILER_APPICON_NAME = AppIcon;
				ASSETCATALOG_COMPILER_GLOBAL_ACCENT_COLOR_NAME = AccentColor;
				CODE_SIGN_STYLE = Automatic;
				CURRENT_PROJECT_VERSION = 1;
				DEVELOPMENT_TEAM = 8BAA26U799;
				ENABLE_PREVIEWS = YES;
				GENERATE_INFOPLIST_FILE = YES;
				INFOPLIST_KEY_UIApplicationSceneManifest_Generation = YES;
				INFOPLIST_KEY_UIApplicationSupportsIndirectInputEvents = YES;
				INFOPLIST_KEY_UILaunchScreen_Generation = YES;
				INFOPLIST_KEY_UISupportedInterfaceOrientations_iPad = "UIInterfaceOrientationPortrait UIInterfaceOrientationPortraitUpsideDown UIInterfaceOrientationLandscapeLeft UIInterfaceOrientationLandscapeRight";
				INFOPLIST_KEY_UISupportedInterfaceOrientations_iPhone = "UIInterfaceOrientationPortrait UIInterfaceOrientationLandscapeLeft UIInterfaceOrientationLandscapeRight";
				IPHONEOS_DEPLOYMENT_TARGET = 15.4;
				LD_RUNPATH_SEARCH_PATHS = (
					"$(inherited)",
					"@executable_path/Frameworks",
				);
				MARKETING_VERSION = 1.0;
				PRODUCT_BUNDLE_IDENTIFIER = josephcamilla.NetworkingDemo;
				PRODUCT_NAME = NetworkingDemo;
				SDKROOT = iphoneos;
				SWIFT_EMIT_LOC_STRINGS = YES;
				SWIFT_OBJC_BRIDGING_HEADER = "NetworkingDemo-Bridging-Header.h";
				SWIFT_VERSION = 5.0;
				TARGETED_DEVICE_FAMILY = "1,2";
			};
			name = Debug;
		};
		90FC28CD27F4D95C009BD5C2 /* Release */ = {
			isa = XCBuildConfiguration;
			buildSettings = {
				ASSETCATALOG_COMPILER_APPICON_NAME = AppIcon;
				ASSETCATALOG_COMPILER_GLOBAL_ACCENT_COLOR_NAME = AccentColor;
				CODE_SIGN_STYLE = Automatic;
				CURRENT_PROJECT_VERSION = 1;
				DEVELOPMENT_TEAM = 8BAA26U799;
				ENABLE_PREVIEWS = YES;
				GENERATE_INFOPLIST_FILE = YES;
				INFOPLIST_KEY_UIApplicationSceneManifest_Generation = YES;
				INFOPLIST_KEY_UIApplicationSupportsIndirectInputEvents = YES;
				INFOPLIST_KEY_UILaunchScreen_Generation = YES;
				INFOPLIST_KEY_UISupportedInterfaceOrientations_iPad = "UIInterfaceOrientationPortrait UIInterfaceOrientationPortraitUpsideDown UIInterfaceOrientationLandscapeLeft UIInterfaceOrientationLandscapeRight";
				INFOPLIST_KEY_UISupportedInterfaceOrientations_iPhone = "UIInterfaceOrientationPortrait UIInterfaceOrientationLandscapeLeft UIInterfaceOrientationLandscapeRight";
				IPHONEOS_DEPLOYMENT_TARGET = 15.4;
				LD_RUNPATH_SEARCH_PATHS = (
					"$(inherited)",
					"@executable_path/Frameworks",
				);
				MARKETING_VERSION = 1.0;
				PRODUCT_BUNDLE_IDENTIFIER = josephcamilla.NetworkingDemo;
				PRODUCT_NAME = NetworkingDemo;
				SDKROOT = iphoneos;
				SWIFT_EMIT_LOC_STRINGS = YES;
				SWIFT_OBJC_BRIDGING_HEADER = "NetworkingDemo-Bridging-Header.h";
				SWIFT_VERSION = 5.0;
				TARGETED_DEVICE_FAMILY = "1,2";
				VALIDATE_PRODUCT = YES;
			};
			name = Release;
		};
/* End XCBuildConfiguration section */

/* Begin XCConfigurationList section */
		908A61C62815824F000B5ECF /* Build configuration list for PBXNativeTarget "NetworkingDemoTests" */ = {
			isa = XCConfigurationList;
			buildConfigurations = (
				908A61C72815824F000B5ECF /* Debug */,
				908A61C82815824F000B5ECF /* Release */,
			);
			defaultConfigurationIsVisible = 0;
			defaultConfigurationName = Release;
		};
		90FC289927F4D95B009BD5C2 /* Build configuration list for PBXProject "NetworkingDemo" */ = {
			isa = XCConfigurationList;
			buildConfigurations = (
				90FC28C927F4D95C009BD5C2 /* Debug */,
				90FC28CA27F4D95C009BD5C2 /* Release */,
			);
			defaultConfigurationIsVisible = 0;
			defaultConfigurationName = Release;
		};
		90FC28CB27F4D95C009BD5C2 /* Build configuration list for PBXNativeTarget "NetworkingDemo (iOS)" */ = {
			isa = XCConfigurationList;
			buildConfigurations = (
				90FC28CC27F4D95C009BD5C2 /* Debug */,
				90FC28CD27F4D95C009BD5C2 /* Release */,
			);
			defaultConfigurationIsVisible = 0;
			defaultConfigurationName = Release;
		};
/* End XCConfigurationList section */
	};
	rootObject = 90FC289627F4D95B009BD5C2 /* Project object */;
}
